
Microsoft Visual Studio Solution File, Format Version 12.00
# Visual Studio Version 17
VisualStudioVersion = 17.0.31903.59
MinimumVisualStudioVersion = 10.0.40219.1
Project("{2150E333-8FDC-42A3-9474-1A3956D46DE8}") = "Services", "Services", "{32AB5342-70EB-4A27-81F9-DE0A9B920054}"
EndProject
Project("{9A19103F-16F7-4668-BE54-9A1E7A4F7556}") = "Catalog", "Services\Catalog\Catalog.csproj", "{F6714116-A2FF-4BB8-B29D-7FD8792DC05C}"
EndProject
Project("{9A19103F-16F7-4668-BE54-9A1E7A4F7556}") = "BuildingBlocks", "BuildingBlocks\BuildingBlocks.csproj", "{D5D17289-E47D-4AF0-8893-DF11E8F9C976}"
EndProject
Project("{E53339B2-1760-4266-BCC7-CA923CBCF16C}") = "docker-compose", "docker-compose.dcproj", "{02B23556-2C1B-4E5B-A48B-87526DF5D950}"
EndProject
Project("{2150E333-8FDC-42A3-9474-1A3956D46DE8}") = "Order", "Order", "{AF1DE17A-4E3C-4DB7-87D6-0C78F51B60D9}"
EndProject
Project("{FAE04EC0-301F-11D3-BF4B-00C04F79EFBC}") = "Order.Domain", "Services\Order\Order.Domain\Order.Domain.csproj", "{CCE3C6DE-7765-4E6E-A260-95837CF16AD3}"
EndProject
Project("{FAE04EC0-301F-11D3-BF4B-00C04F79EFBC}") = "Order.Application", "Services\Order\Order.Application\Order.Application.csproj", "{AFD1BD4F-8D95-4A7F-90E5-7FF122AEAD5C}"
EndProject
Project("{FAE04EC0-301F-11D3-BF4B-00C04F79EFBC}") = "Order.Infrastructure", "Services\Order\Order.Infrastructure\Order.Infrastructure.csproj", "{9AB3B5B4-3645-4E3D-BFEA-34633DCBAE84}"
EndProject
Project("{FAE04EC0-301F-11D3-BF4B-00C04F79EFBC}") = "Order.API", "Services\Order\Order.API\Order.API.csproj", "{34F4405A-B341-4C4C-9150-3DC5E0E294E3}"
EndProject
Global
	GlobalSection(SolutionConfigurationPlatforms) = preSolution
		Debug|Any CPU = Debug|Any CPU
		Release|Any CPU = Release|Any CPU
	EndGlobalSection
	GlobalSection(ProjectConfigurationPlatforms) = postSolution
		{F6714116-A2FF-4BB8-B29D-7FD8792DC05C}.Debug|Any CPU.ActiveCfg = Debug|Any CPU
		{F6714116-A2FF-4BB8-B29D-7FD8792DC05C}.Debug|Any CPU.Build.0 = Debug|Any CPU
		{F6714116-A2FF-4BB8-B29D-7FD8792DC05C}.Release|Any CPU.ActiveCfg = Release|Any CPU
		{F6714116-A2FF-4BB8-B29D-7FD8792DC05C}.Release|Any CPU.Build.0 = Release|Any CPU
		{D5D17289-E47D-4AF0-8893-DF11E8F9C976}.Debug|Any CPU.ActiveCfg = Debug|Any CPU
		{D5D17289-E47D-4AF0-8893-DF11E8F9C976}.Debug|Any CPU.Build.0 = Debug|Any CPU
		{D5D17289-E47D-4AF0-8893-DF11E8F9C976}.Release|Any CPU.ActiveCfg = Release|Any CPU
		{D5D17289-E47D-4AF0-8893-DF11E8F9C976}.Release|Any CPU.Build.0 = Release|Any CPU
		{02B23556-2C1B-4E5B-A48B-87526DF5D950}.Debug|Any CPU.ActiveCfg = Debug|Any CPU
		{02B23556-2C1B-4E5B-A48B-87526DF5D950}.Debug|Any CPU.Build.0 = Debug|Any CPU
		{02B23556-2C1B-4E5B-A48B-87526DF5D950}.Release|Any CPU.ActiveCfg = Release|Any CPU
		{02B23556-2C1B-4E5B-A48B-87526DF5D950}.Release|Any CPU.Build.0 = Release|Any CPU
		{CCE3C6DE-7765-4E6E-A260-95837CF16AD3}.Debug|Any CPU.ActiveCfg = Debug|Any CPU
		{CCE3C6DE-7765-4E6E-A260-95837CF16AD3}.Debug|Any CPU.Build.0 = Debug|Any CPU
		{CCE3C6DE-7765-4E6E-A260-95837CF16AD3}.Release|Any CPU.ActiveCfg = Release|Any CPU
		{CCE3C6DE-7765-4E6E-A260-95837CF16AD3}.Release|Any CPU.Build.0 = Release|Any CPU
		{AFD1BD4F-8D95-4A7F-90E5-7FF122AEAD5C}.Debug|Any CPU.ActiveCfg = Debug|Any CPU
		{AFD1BD4F-8D95-4A7F-90E5-7FF122AEAD5C}.Debug|Any CPU.Build.0 = Debug|Any CPU
		{AFD1BD4F-8D95-4A7F-90E5-7FF122AEAD5C}.Release|Any CPU.ActiveCfg = Release|Any CPU
		{AFD1BD4F-8D95-4A7F-90E5-7FF122AEAD5C}.Release|Any CPU.Build.0 = Release|Any CPU
		{9AB3B5B4-3645-4E3D-BFEA-34633DCBAE84}.Debug|Any CPU.ActiveCfg = Debug|Any CPU
		{9AB3B5B4-3645-4E3D-BFEA-34633DCBAE84}.Debug|Any CPU.Build.0 = Debug|Any CPU
		{9AB3B5B4-3645-4E3D-BFEA-34633DCBAE84}.Release|Any CPU.ActiveCfg = Release|Any CPU
		{9AB3B5B4-3645-4E3D-BFEA-34633DCBAE84}.Release|Any CPU.Build.0 = Release|Any CPU
		{34F4405A-B341-4C4C-9150-3DC5E0E294E3}.Debug|Any CPU.ActiveCfg = Debug|Any CPU
		{34F4405A-B341-4C4C-9150-3DC5E0E294E3}.Debug|Any CPU.Build.0 = Debug|Any CPU
		{34F4405A-B341-4C4C-9150-3DC5E0E294E3}.Release|Any CPU.ActiveCfg = Release|Any CPU
		{34F4405A-B341-4C4C-9150-3DC5E0E294E3}.Release|Any CPU.Build.0 = Release|Any CPU
	EndGlobalSection
	GlobalSection(SolutionProperties) = preSolution
		HideSolutionNode = FALSE
	EndGlobalSection
	GlobalSection(NestedProjects) = preSolution
		{F6714116-A2FF-4BB8-B29D-7FD8792DC05C} = {32AB5342-70EB-4A27-81F9-DE0A9B920054}
		{AF1DE17A-4E3C-4DB7-87D6-0C78F51B60D9} = {32AB5342-70EB-4A27-81F9-DE0A9B920054}
		{CCE3C6DE-7765-4E6E-A260-95837CF16AD3} = {AF1DE17A-4E3C-4DB7-87D6-0C78F51B60D9}
		{AFD1BD4F-8D95-4A7F-90E5-7FF122AEAD5C} = {AF1DE17A-4E3C-4DB7-87D6-0C78F51B60D9}
		{9AB3B5B4-3645-4E3D-BFEA-34633DCBAE84} = {AF1DE17A-4E3C-4DB7-87D6-0C78F51B60D9}
		{34F4405A-B341-4C4C-9150-3DC5E0E294E3} = {AF1DE17A-4E3C-4DB7-87D6-0C78F51B60D9}
	EndGlobalSection
EndGlobal
